
Microsoft Visual Studio Solution File, Format Version 12.00
# Visual Studio 15
VisualStudioVersion = 15.0.27130.2027
MinimumVisualStudioVersion = 10.0.40219.1
Project("{FAE04EC0-301F-11D3-BF4B-00C04F79EFBC}") = "Lab 3 - Exercise 2 Payroll Sys", "Lab 3 - Exercise 2 Payroll Sys\Lab 3 - Exercise 2 Payroll Sys.csproj", "{8C515D30-B1CE-4BA7-A784-00FE3B0F1A69}"
EndProject
Global
	GlobalSection(SolutionConfigurationPlatforms) = preSolution
		Debug|Any CPU = Debug|Any CPU
		Release|Any CPU = Release|Any CPU
	EndGlobalSection
	GlobalSection(ProjectConfigurationPlatforms) = postSolution
		{8C515D30-B1CE-4BA7-A784-00FE3B0F1A69}.Debug|Any CPU.ActiveCfg = Debug|Any CPU
		{8C515D30-B1CE-4BA7-A784-00FE3B0F1A69}.Debug|Any CPU.Build.0 = Debug|Any CPU
		{8C515D30-B1CE-4BA7-A784-00FE3B0F1A69}.Release|Any CPU.ActiveCfg = Release|Any CPU
		{8C515D30-B1CE-4BA7-A784-00FE3B0F1A69}.Release|Any CPU.Build.0 = Release|Any CPU
	EndGlobalSection
	GlobalSection(SolutionProperties) = preSolution
		HideSolutionNode = FALSE
	EndGlobalSection
	GlobalSection(ExtensibilityGlobals) = postSolution
		SolutionGuid = {C0187DD6-28FE-4115-BB96-53C828762B46}
	EndGlobalSection
EndGlobal
