
Microsoft Visual Studio Solution File, Format Version 12.00
# Visual Studio 15
VisualStudioVersion = 15.0.27004.2005
MinimumVisualStudioVersion = 10.0.40219.1
Project("{FAE04EC0-301F-11D3-BF4B-00C04F79EFBC}") = "APDRecapV0", "APDRecapV1\APDRecapV0.csproj", "{ACA021F4-75B7-4836-AAC8-E55FFC325A0F}"
EndProject
Project("{FAE04EC0-301F-11D3-BF4B-00C04F79EFBC}") = "APDRecapV1", "RecapV2\APDRecapV1.csproj", "{CEEB46EB-74CF-4686-9F11-8545A9889B7C}"
EndProject
Project("{FAE04EC0-301F-11D3-BF4B-00C04F79EFBC}") = "APDRecapV2", "APDRecapV2\APDRecapV2.csproj", "{FA3CCB5C-029E-4C72-9A2F-6E8513A29764}"
EndProject
Project("{FAE04EC0-301F-11D3-BF4B-00C04F79EFBC}") = "APDRecapV2_Arrays", "APDRecapV2_Arrays\APDRecapV2_Arrays.csproj", "{708C427B-F933-428F-8D89-8ED42D3E1914}"
EndProject
Project("{FAE04EC0-301F-11D3-BF4B-00C04F79EFBC}") = "APDRecapV3", "ADPRecapV3\APDRecapV3.csproj", "{8D832918-DD44-4292-A0F8-37F560A5275C}"
EndProject
Project("{FAE04EC0-301F-11D3-BF4B-00C04F79EFBC}") = "APDRecapV4", "APDRecapV4\APDRecapV4.csproj", "{7E1D2391-7226-487C-8210-B5EC2E59D9D6}"
EndProject
Project("{FAE04EC0-301F-11D3-BF4B-00C04F79EFBC}") = "APDRecapV5", "APDRecapV5\APDRecapV5.csproj", "{1BF0D336-D72D-43F6-87C8-EB02FEDE4CEC}"
EndProject
Project("{FAE04EC0-301F-11D3-BF4B-00C04F79EFBC}") = "APDRecapV6", "APDRecapV6\APDRecapV6.csproj", "{D4B00457-A42C-4EDB-96D8-E3301CBE1285}"
EndProject
Global
	GlobalSection(SolutionConfigurationPlatforms) = preSolution
		Debug|Any CPU = Debug|Any CPU
		Release|Any CPU = Release|Any CPU
	EndGlobalSection
	GlobalSection(ProjectConfigurationPlatforms) = postSolution
		{ACA021F4-75B7-4836-AAC8-E55FFC325A0F}.Debug|Any CPU.ActiveCfg = Debug|Any CPU
		{ACA021F4-75B7-4836-AAC8-E55FFC325A0F}.Debug|Any CPU.Build.0 = Debug|Any CPU
		{ACA021F4-75B7-4836-AAC8-E55FFC325A0F}.Release|Any CPU.ActiveCfg = Release|Any CPU
		{ACA021F4-75B7-4836-AAC8-E55FFC325A0F}.Release|Any CPU.Build.0 = Release|Any CPU
		{CEEB46EB-74CF-4686-9F11-8545A9889B7C}.Debug|Any CPU.ActiveCfg = Debug|Any CPU
		{CEEB46EB-74CF-4686-9F11-8545A9889B7C}.Debug|Any CPU.Build.0 = Debug|Any CPU
		{CEEB46EB-74CF-4686-9F11-8545A9889B7C}.Release|Any CPU.ActiveCfg = Release|Any CPU
		{CEEB46EB-74CF-4686-9F11-8545A9889B7C}.Release|Any CPU.Build.0 = Release|Any CPU
		{FA3CCB5C-029E-4C72-9A2F-6E8513A29764}.Debug|Any CPU.ActiveCfg = Debug|Any CPU
		{FA3CCB5C-029E-4C72-9A2F-6E8513A29764}.Debug|Any CPU.Build.0 = Debug|Any CPU
		{FA3CCB5C-029E-4C72-9A2F-6E8513A29764}.Release|Any CPU.ActiveCfg = Release|Any CPU
		{FA3CCB5C-029E-4C72-9A2F-6E8513A29764}.Release|Any CPU.Build.0 = Release|Any CPU
		{708C427B-F933-428F-8D89-8ED42D3E1914}.Debug|Any CPU.ActiveCfg = Debug|Any CPU
		{708C427B-F933-428F-8D89-8ED42D3E1914}.Debug|Any CPU.Build.0 = Debug|Any CPU
		{708C427B-F933-428F-8D89-8ED42D3E1914}.Release|Any CPU.ActiveCfg = Release|Any CPU
		{708C427B-F933-428F-8D89-8ED42D3E1914}.Release|Any CPU.Build.0 = Release|Any CPU
		{8D832918-DD44-4292-A0F8-37F560A5275C}.Debug|Any CPU.ActiveCfg = Debug|Any CPU
		{8D832918-DD44-4292-A0F8-37F560A5275C}.Debug|Any CPU.Build.0 = Debug|Any CPU
		{8D832918-DD44-4292-A0F8-37F560A5275C}.Release|Any CPU.ActiveCfg = Release|Any CPU
		{8D832918-DD44-4292-A0F8-37F560A5275C}.Release|Any CPU.Build.0 = Release|Any CPU
		{7E1D2391-7226-487C-8210-B5EC2E59D9D6}.Debug|Any CPU.ActiveCfg = Debug|Any CPU
		{7E1D2391-7226-487C-8210-B5EC2E59D9D6}.Debug|Any CPU.Build.0 = Debug|Any CPU
		{7E1D2391-7226-487C-8210-B5EC2E59D9D6}.Release|Any CPU.ActiveCfg = Release|Any CPU
		{7E1D2391-7226-487C-8210-B5EC2E59D9D6}.Release|Any CPU.Build.0 = Release|Any CPU
		{1BF0D336-D72D-43F6-87C8-EB02FEDE4CEC}.Debug|Any CPU.ActiveCfg = Debug|Any CPU
		{1BF0D336-D72D-43F6-87C8-EB02FEDE4CEC}.Debug|Any CPU.Build.0 = Debug|Any CPU
		{1BF0D336-D72D-43F6-87C8-EB02FEDE4CEC}.Release|Any CPU.ActiveCfg = Release|Any CPU
		{1BF0D336-D72D-43F6-87C8-EB02FEDE4CEC}.Release|Any CPU.Build.0 = Release|Any CPU
		{D4B00457-A42C-4EDB-96D8-E3301CBE1285}.Debug|Any CPU.ActiveCfg = Debug|Any CPU
		{D4B00457-A42C-4EDB-96D8-E3301CBE1285}.Debug|Any CPU.Build.0 = Debug|Any CPU
		{D4B00457-A42C-4EDB-96D8-E3301CBE1285}.Release|Any CPU.ActiveCfg = Release|Any CPU
		{D4B00457-A42C-4EDB-96D8-E3301CBE1285}.Release|Any CPU.Build.0 = Release|Any CPU
	EndGlobalSection
	GlobalSection(SolutionProperties) = preSolution
		HideSolutionNode = FALSE
	EndGlobalSection
	GlobalSection(ExtensibilityGlobals) = postSolution
		SolutionGuid = {063A2D2A-CBA2-4E14-938F-C91EA6E00629}
	EndGlobalSection
EndGlobal
