
Microsoft Visual Studio Solution File, Format Version 12.00
# Visual Studio 15
VisualStudioVersion = 15.0.27130.2026
MinimumVisualStudioVersion = 10.0.40219.1
Project("{FAE04EC0-301F-11D3-BF4B-00C04F79EFBC}") = "Lab 1 - Exercise 1 IPO", "Lab 1 - Exercise 1 IPO\Lab 1 - Exercise 1 IPO.csproj", "{11EB09A7-3DC0-4EBD-867F-02E149DD8BD3}"
EndProject
Global
	GlobalSection(SolutionConfigurationPlatforms) = preSolution
		Debug|Any CPU = Debug|Any CPU
		Release|Any CPU = Release|Any CPU
	EndGlobalSection
	GlobalSection(ProjectConfigurationPlatforms) = postSolution
		{11EB09A7-3DC0-4EBD-867F-02E149DD8BD3}.Debug|Any CPU.ActiveCfg = Debug|Any CPU
		{11EB09A7-3DC0-4EBD-867F-02E149DD8BD3}.Debug|Any CPU.Build.0 = Debug|Any CPU
		{11EB09A7-3DC0-4EBD-867F-02E149DD8BD3}.Release|Any CPU.ActiveCfg = Release|Any CPU
		{11EB09A7-3DC0-4EBD-867F-02E149DD8BD3}.Release|Any CPU.Build.0 = Release|Any CPU
	EndGlobalSection
	GlobalSection(SolutionProperties) = preSolution
		HideSolutionNode = FALSE
	EndGlobalSection
	GlobalSection(ExtensibilityGlobals) = postSolution
		SolutionGuid = {C5E2D3ED-D970-4DB4-A768-A0FA538E9F2C}
	EndGlobalSection
EndGlobal
