
Microsoft Visual Studio Solution File, Format Version 12.00
# Visual Studio 15
VisualStudioVersion = 15.0.27130.2026
MinimumVisualStudioVersion = 10.0.40219.1
Project("{FAE04EC0-301F-11D3-BF4B-00C04F79EFBC}") = "Lab 1 - Exercise 5 String Methods", "Lab 1 - Exercise 5 String Methods\Lab 1 - Exercise 5 String Methods.csproj", "{4FC95FC3-6379-4890-BA8D-BFFDA15A1363}"
EndProject
Global
	GlobalSection(SolutionConfigurationPlatforms) = preSolution
		Debug|Any CPU = Debug|Any CPU
		Release|Any CPU = Release|Any CPU
	EndGlobalSection
	GlobalSection(ProjectConfigurationPlatforms) = postSolution
		{4FC95FC3-6379-4890-BA8D-BFFDA15A1363}.Debug|Any CPU.ActiveCfg = Debug|Any CPU
		{4FC95FC3-6379-4890-BA8D-BFFDA15A1363}.Debug|Any CPU.Build.0 = Debug|Any CPU
		{4FC95FC3-6379-4890-BA8D-BFFDA15A1363}.Release|Any CPU.ActiveCfg = Release|Any CPU
		{4FC95FC3-6379-4890-BA8D-BFFDA15A1363}.Release|Any CPU.Build.0 = Release|Any CPU
	EndGlobalSection
	GlobalSection(SolutionProperties) = preSolution
		HideSolutionNode = FALSE
	EndGlobalSection
	GlobalSection(ExtensibilityGlobals) = postSolution
		SolutionGuid = {1CDA559E-7C5F-456B-ADE8-B3A42F7A9BB4}
	EndGlobalSection
EndGlobal
