
Microsoft Visual Studio Solution File, Format Version 12.00
# Visual Studio 15
VisualStudioVersion = 15.0.27130.2026
MinimumVisualStudioVersion = 10.0.40219.1
Project("{FAE04EC0-301F-11D3-BF4B-00C04F79EFBC}") = "Lab 1 - Exercise 3 Conditions", "Lab 1 - Exercise 3 Conditions\Lab 1 - Exercise 3 Conditions.csproj", "{73F399AD-6C5F-417A-9F2C-1770F9AC4114}"
EndProject
Global
	GlobalSection(SolutionConfigurationPlatforms) = preSolution
		Debug|Any CPU = Debug|Any CPU
		Release|Any CPU = Release|Any CPU
	EndGlobalSection
	GlobalSection(ProjectConfigurationPlatforms) = postSolution
		{73F399AD-6C5F-417A-9F2C-1770F9AC4114}.Debug|Any CPU.ActiveCfg = Debug|Any CPU
		{73F399AD-6C5F-417A-9F2C-1770F9AC4114}.Debug|Any CPU.Build.0 = Debug|Any CPU
		{73F399AD-6C5F-417A-9F2C-1770F9AC4114}.Release|Any CPU.ActiveCfg = Release|Any CPU
		{73F399AD-6C5F-417A-9F2C-1770F9AC4114}.Release|Any CPU.Build.0 = Release|Any CPU
	EndGlobalSection
	GlobalSection(SolutionProperties) = preSolution
		HideSolutionNode = FALSE
	EndGlobalSection
	GlobalSection(ExtensibilityGlobals) = postSolution
		SolutionGuid = {0EE684D3-26EF-478D-BE96-B9AAD2223DDC}
	EndGlobalSection
EndGlobal
