
Microsoft Visual Studio Solution File, Format Version 12.00
# Visual Studio 15
VisualStudioVersion = 15.0.27130.2027
MinimumVisualStudioVersion = 10.0.40219.1
Project("{FAE04EC0-301F-11D3-BF4B-00C04F79EFBC}") = "Lab 5 - Exercise 1 Zoo Calc AV", "Lab 5 - Exercise 1 Zoo Calc AV\Lab 5 - Exercise 1 Zoo Calc AV.csproj", "{C65DD963-3F92-4FAD-9E70-BE9CA26AAA15}"
EndProject
Global
	GlobalSection(SolutionConfigurationPlatforms) = preSolution
		Debug|Any CPU = Debug|Any CPU
		Release|Any CPU = Release|Any CPU
	EndGlobalSection
	GlobalSection(ProjectConfigurationPlatforms) = postSolution
		{C65DD963-3F92-4FAD-9E70-BE9CA26AAA15}.Debug|Any CPU.ActiveCfg = Debug|Any CPU
		{C65DD963-3F92-4FAD-9E70-BE9CA26AAA15}.Debug|Any CPU.Build.0 = Debug|Any CPU
		{C65DD963-3F92-4FAD-9E70-BE9CA26AAA15}.Release|Any CPU.ActiveCfg = Release|Any CPU
		{C65DD963-3F92-4FAD-9E70-BE9CA26AAA15}.Release|Any CPU.Build.0 = Release|Any CPU
	EndGlobalSection
	GlobalSection(SolutionProperties) = preSolution
		HideSolutionNode = FALSE
	EndGlobalSection
	GlobalSection(ExtensibilityGlobals) = postSolution
		SolutionGuid = {55EF6604-CE0A-4CE7-8600-980FEA05AEAA}
	EndGlobalSection
EndGlobal
